lockfileVersion: '6.0'

dependencies:
  '@argent/get-starknet':
    specifier: ^6.4.3
    version: 6.4.3(starknet@5.14.1)(zod@3.21.4)
  '@dojoengine/core':
    specifier: ^0.0.1
    version: 0.0.1(ethers@5.7.2)(proxy-deep@3.1.1)(typedoc@0.24.8)(web3-utils@1.10.0)
  starknet:
    specifier: ^5.13.2
    version: 5.14.1
  ws:
    specifier: ^8.8.1
    version: 8.13.0

packages:

  /@argent/get-starknet@6.4.3(starknet@5.14.1)(zod@3.21.4):
    resolution: {integrity: sha512-k7vX6KksDXuubui/zG++GnfNL/H9bvT9ujEDoycp6RRxHkK/cwK6E+ntVs+OlUd0Mb6mh9dcXqFi5OkfZA55IA==}
    dependencies:
      '@argent/web-sdk': 6.4.0(starknet@5.14.1)(zod@3.21.4)
      '@argent/x-window': 6.4.0(starknet@5.14.1)(zod@3.21.4)
      bowser: 2.11.0
      get-starknet-core: 2.1.0(starknet@5.14.1)
      lodash-es: 4.17.21
      svelte-forms: 2.3.1
    transitivePeerDependencies:
      - starknet
      - zod
    dev: false

  /@argent/web-sdk@6.4.0(starknet@5.14.1)(zod@3.21.4):
    resolution: {integrity: sha512-Q52vPkpp39MVXC8FkH5RiNRBQbHiRgSPvtPlR45pSCpLfVm9dCHWDUzzunPXB6GXvgEt/m+cmpchz6rXIb3UZg==}
    peerDependencies:
      starknet: ^4.21.0
    dependencies:
      '@argent/x-window': 6.4.0(starknet@5.14.1)(zod@3.21.4)
      get-starknet-core: 2.1.0(starknet@5.14.1)
      lodash-es: 4.17.21
      starknet: 5.14.1
    transitivePeerDependencies:
      - zod
    dev: false

  /@argent/x-window@6.4.0(starknet@5.14.1)(zod@3.21.4):
    resolution: {integrity: sha512-fGFUWCrtnH8OJl+OnvUh/EdCdru8cfnftOls6XgzqwZLqhNC7PMQnKEP3WR+xL+C6pzja1K2hlK84qSap+WMYA==}
    peerDependencies:
      starknet: ^4.21.0
      zod: ^3.20.6
    dependencies:
      starknet: 5.14.1
      zod: 3.21.4
    dev: false

  /@dojoengine/core@0.0.1(ethers@5.7.2)(proxy-deep@3.1.1)(typedoc@0.24.8)(web3-utils@1.10.0):
    resolution: {integrity: sha512-rZ/hMKoIvqU+4u6t4DRhz5FBqi6Xg1za8w9xsNjdxF5djINBfc+445dd89DT2FT4s8sGcSE4+PvsGu4JlJEOeQ==}
    dependencies:
      '@latticexyz/recs': 1.43.0(@latticexyz/utils@1.43.0)(mobx@6.9.0)(rxjs@7.8.1)(type-fest@3.13.0)
      '@latticexyz/utils': 1.43.0(ethers@5.7.2)(mobx@6.9.0)(proxy-deep@3.1.1)(rxjs@7.8.1)(typedoc@0.24.8)(web3-utils@1.10.0)
      mobx: 6.9.0
      rxjs: 7.8.1
      type-fest: 3.13.0
    transitivePeerDependencies:
      - ethers
      - proxy-deep
      - typedoc
      - web3-utils
    dev: false

  /@ethersproject/abi@5.7.0:
    resolution: {integrity: sha512-351ktp42TiRcYB3H1OP8yajPeAQstMW/yCFokj/AthP9bLHzQFPlOrxOcwYEDkUAICmOHljvN4K39OMTMUa9RA==}
    dependencies:
      '@ethersproject/address': 5.7.0
      '@ethersproject/bignumber': 5.7.0
      '@ethersproject/bytes': 5.7.0
      '@ethersproject/constants': 5.7.0
      '@ethersproject/hash': 5.7.0
      '@ethersproject/keccak256': 5.7.0
      '@ethersproject/logger': 5.7.0
      '@ethersproject/properties': 5.7.0
      '@ethersproject/strings': 5.7.0
    dev: false

  /@ethersproject/abstract-provider@5.7.0:
    resolution: {integrity: sha512-R41c9UkchKCpAqStMYUpdunjo3pkEvZC3FAwZn5S5MGbXoMQOHIdHItezTETxAO5bevtMApSyEhn9+CHcDsWBw==}
    dependencies:
      '@ethersproject/bignumber': 5.7.0
      '@ethersproject/bytes': 5.7.0
      '@ethersproject/logger': 5.7.0
      '@ethersproject/networks': 5.7.1
      '@ethersproject/properties': 5.7.0
      '@ethersproject/transactions': 5.7.0
      '@ethersproject/web': 5.7.1
    dev: false

  /@ethersproject/abstract-signer@5.7.0:
    resolution: {integrity: sha512-a16V8bq1/Cz+TGCkE2OPMTOUDLS3grCpdjoJCYNnVBbdYEMSgKrU0+B90s8b6H+ByYTBZN7a3g76jdIJi7UfKQ==}
    dependencies:
      '@ethersproject/abstract-provider': 5.7.0
      '@ethersproject/bignumber': 5.7.0
      '@ethersproject/bytes': 5.7.0
      '@ethersproject/logger': 5.7.0
      '@ethersproject/properties': 5.7.0
    dev: false

  /@ethersproject/address@5.7.0:
    resolution: {integrity: sha512-9wYhYt7aghVGo758POM5nqcOMaE168Q6aRLJZwUmiqSrAungkG74gSSeKEIR7ukixesdRZGPgVqme6vmxs1fkA==}
    dependencies:
      '@ethersproject/bignumber': 5.7.0
      '@ethersproject/bytes': 5.7.0
      '@ethersproject/keccak256': 5.7.0
      '@ethersproject/logger': 5.7.0
      '@ethersproject/rlp': 5.7.0
    dev: false

  /@ethersproject/base64@5.7.0:
    resolution: {integrity: sha512-Dr8tcHt2mEbsZr/mwTPIQAf3Ai0Bks/7gTw9dSqk1mQvhW3XvRlmDJr/4n+wg1JmCl16NZue17CDh8xb/vZ0sQ==}
    dependencies:
      '@ethersproject/bytes': 5.7.0
    dev: false

  /@ethersproject/basex@5.7.0:
    resolution: {integrity: sha512-ywlh43GwZLv2Voc2gQVTKBoVQ1mti3d8HK5aMxsfu/nRDnMmNqaSJ3r3n85HBByT8OpoY96SXM1FogC533T4zw==}
    dependencies:
      '@ethersproject/bytes': 5.7.0
      '@ethersproject/properties': 5.7.0
    dev: false

  /@ethersproject/bignumber@5.7.0:
    resolution: {integrity: sha512-n1CAdIHRWjSucQO3MC1zPSVgV/6dy/fjL9pMrPP9peL+QxEg9wOsVqwD4+818B6LUEtaXzVHQiuivzRoxPxUGw==}
    dependencies:
      '@ethersproject/bytes': 5.7.0
      '@ethersproject/logger': 5.7.0
      bn.js: 5.2.1
    dev: false

  /@ethersproject/bytes@5.7.0:
    resolution: {integrity: sha512-nsbxwgFXWh9NyYWo+U8atvmMsSdKJprTcICAkvbBffT75qDocbuggBU0SJiVK2MuTrp0q+xvLkTnGMPK1+uA9A==}
    dependencies:
      '@ethersproject/logger': 5.7.0
    dev: false

  /@ethersproject/constants@5.7.0:
    resolution: {integrity: sha512-DHI+y5dBNvkpYUMiRQyxRBYBefZkJfo70VUkUAsRjcPs47muV9evftfZ0PJVCXYbAiCgght0DtcF9srFQmIgWA==}
    dependencies:
      '@ethersproject/bignumber': 5.7.0
    dev: false

  /@ethersproject/contracts@5.7.0:
    resolution: {integrity: sha512-5GJbzEU3X+d33CdfPhcyS+z8MzsTrBGk/sc+G+59+tPa9yFkl6HQ9D6L0QMgNTA9q8dT0XKxxkyp883XsQvbbg==}
    dependencies:
      '@ethersproject/abi': 5.7.0
      '@ethersproject/abstract-provider': 5.7.0
      '@ethersproject/abstract-signer': 5.7.0
      '@ethersproject/address': 5.7.0
      '@ethersproject/bignumber': 5.7.0
      '@ethersproject/bytes': 5.7.0
      '@ethersproject/constants': 5.7.0
      '@ethersproject/logger': 5.7.0
      '@ethersproject/properties': 5.7.0
      '@ethersproject/transactions': 5.7.0
    dev: false

  /@ethersproject/hash@5.7.0:
    resolution: {integrity: sha512-qX5WrQfnah1EFnO5zJv1v46a8HW0+E5xuBBDTwMFZLuVTx0tbU2kkx15NqdjxecrLGatQN9FGQKpb1FKdHCt+g==}
    dependencies:
      '@ethersproject/abstract-signer': 5.7.0
      '@ethersproject/address': 5.7.0
      '@ethersproject/base64': 5.7.0
      '@ethersproject/bignumber': 5.7.0
      '@ethersproject/bytes': 5.7.0
      '@ethersproject/keccak256': 5.7.0
      '@ethersproject/logger': 5.7.0
      '@ethersproject/properties': 5.7.0
      '@ethersproject/strings': 5.7.0
    dev: false

  /@ethersproject/hdnode@5.7.0:
    resolution: {integrity: sha512-OmyYo9EENBPPf4ERhR7oj6uAtUAhYGqOnIS+jE5pTXvdKBS99ikzq1E7Iv0ZQZ5V36Lqx1qZLeak0Ra16qpeOg==}
    dependencies:
      '@ethersproject/abstract-signer': 5.7.0
      '@ethersproject/basex': 5.7.0
      '@ethersproject/bignumber': 5.7.0
      '@ethersproject/bytes': 5.7.0
      '@ethersproject/logger': 5.7.0
      '@ethersproject/pbkdf2': 5.7.0
      '@ethersproject/properties': 5.7.0
      '@ethersproject/sha2': 5.7.0
      '@ethersproject/signing-key': 5.7.0
      '@ethersproject/strings': 5.7.0
      '@ethersproject/transactions': 5.7.0
      '@ethersproject/wordlists': 5.7.0
    dev: false

  /@ethersproject/json-wallets@5.7.0:
    resolution: {integrity: sha512-8oee5Xgu6+RKgJTkvEMl2wDgSPSAQ9MB/3JYjFV9jlKvcYHUXZC+cQp0njgmxdHkYWn8s6/IqIZYm0YWCjO/0g==}
    dependencies:
      '@ethersproject/abstract-signer': 5.7.0
      '@ethersproject/address': 5.7.0
      '@ethersproject/bytes': 5.7.0
      '@ethersproject/hdnode': 5.7.0
      '@ethersproject/keccak256': 5.7.0
      '@ethersproject/logger': 5.7.0
      '@ethersproject/pbkdf2': 5.7.0
      '@ethersproject/properties': 5.7.0
      '@ethersproject/random': 5.7.0
      '@ethersproject/strings': 5.7.0
      '@ethersproject/transactions': 5.7.0
      aes-js: 3.0.0
      scrypt-js: 3.0.1
    dev: false

  /@ethersproject/keccak256@5.7.0:
    resolution: {integrity: sha512-2UcPboeL/iW+pSg6vZ6ydF8tCnv3Iu/8tUmLLzWWGzxWKFFqOBQFLo6uLUv6BDrLgCDfN28RJ/wtByx+jZ4KBg==}
    dependencies:
      '@ethersproject/bytes': 5.7.0
      js-sha3: 0.8.0
    dev: false

  /@ethersproject/logger@5.7.0:
    resolution: {integrity: sha512-0odtFdXu/XHtjQXJYA3u9G0G8btm0ND5Cu8M7i5vhEcE8/HmF4Lbdqanwyv4uQTr2tx6b7fQRmgLrsnpQlmnig==}
    dev: false

  /@ethersproject/networks@5.7.1:
    resolution: {integrity: sha512-n/MufjFYv3yFcUyfhnXotyDlNdFb7onmkSy8aQERi2PjNcnWQ66xXxa3XlS8nCcA8aJKJjIIMNJTC7tu80GwpQ==}
    dependencies:
      '@ethersproject/logger': 5.7.0
    dev: false

  /@ethersproject/pbkdf2@5.7.0:
    resolution: {integrity: sha512-oR/dBRZR6GTyaofd86DehG72hY6NpAjhabkhxgr3X2FpJtJuodEl2auADWBZfhDHgVCbu3/H/Ocq2uC6dpNjjw==}
    dependencies:
      '@ethersproject/bytes': 5.7.0
      '@ethersproject/sha2': 5.7.0
    dev: false

  /@ethersproject/properties@5.7.0:
    resolution: {integrity: sha512-J87jy8suntrAkIZtecpxEPxY//szqr1mlBaYlQ0r4RCaiD2hjheqF9s1LVE8vVuJCXisjIP+JgtK/Do54ej4Sw==}
    dependencies:
      '@ethersproject/logger': 5.7.0
    dev: false

  /@ethersproject/providers@5.7.2:
    resolution: {integrity: sha512-g34EWZ1WWAVgr4aptGlVBF8mhl3VWjv+8hoAnzStu8Ah22VHBsuGzP17eb6xDVRzw895G4W7vvx60lFFur/1Rg==}
    dependencies:
      '@ethersproject/abstract-provider': 5.7.0
      '@ethersproject/abstract-signer': 5.7.0
      '@ethersproject/address': 5.7.0
      '@ethersproject/base64': 5.7.0
      '@ethersproject/basex': 5.7.0
      '@ethersproject/bignumber': 5.7.0
      '@ethersproject/bytes': 5.7.0
      '@ethersproject/constants': 5.7.0
      '@ethersproject/hash': 5.7.0
      '@ethersproject/logger': 5.7.0
      '@ethersproject/networks': 5.7.1
      '@ethersproject/properties': 5.7.0
      '@ethersproject/random': 5.7.0
      '@ethersproject/rlp': 5.7.0
      '@ethersproject/sha2': 5.7.0
      '@ethersproject/strings': 5.7.0
      '@ethersproject/transactions': 5.7.0
      '@ethersproject/web': 5.7.1
      bech32: 1.1.4
      ws: 7.4.6
    transitivePeerDependencies:
      - bufferutil
      - utf-8-validate
    dev: false

  /@ethersproject/random@5.7.0:
    resolution: {integrity: sha512-19WjScqRA8IIeWclFme75VMXSBvi4e6InrUNuaR4s5pTF2qNhcGdCUwdxUVGtDDqC00sDLCO93jPQoDUH4HVmQ==}
    dependencies:
      '@ethersproject/bytes': 5.7.0
      '@ethersproject/logger': 5.7.0
    dev: false

  /@ethersproject/rlp@5.7.0:
    resolution: {integrity: sha512-rBxzX2vK8mVF7b0Tol44t5Tb8gomOHkj5guL+HhzQ1yBh/ydjGnpw6at+X6Iw0Kp3OzzzkcKp8N9r0W4kYSs9w==}
    dependencies:
      '@ethersproject/bytes': 5.7.0
      '@ethersproject/logger': 5.7.0
    dev: false

  /@ethersproject/sha2@5.7.0:
    resolution: {integrity: sha512-gKlH42riwb3KYp0reLsFTokByAKoJdgFCwI+CCiX/k+Jm2mbNs6oOaCjYQSlI1+XBVejwH2KrmCbMAT/GnRDQw==}
    dependencies:
      '@ethersproject/bytes': 5.7.0
      '@ethersproject/logger': 5.7.0
      hash.js: 1.1.7
    dev: false

  /@ethersproject/signing-key@5.7.0:
    resolution: {integrity: sha512-MZdy2nL3wO0u7gkB4nA/pEf8lu1TlFswPNmy8AiYkfKTdO6eXBJyUdmHO/ehm/htHw9K/qF8ujnTyUAD+Ry54Q==}
    dependencies:
      '@ethersproject/bytes': 5.7.0
      '@ethersproject/logger': 5.7.0
      '@ethersproject/properties': 5.7.0
      bn.js: 5.2.1
      elliptic: 6.5.4
      hash.js: 1.1.7
    dev: false

  /@ethersproject/solidity@5.7.0:
    resolution: {integrity: sha512-HmabMd2Dt/raavyaGukF4XxizWKhKQ24DoLtdNbBmNKUOPqwjsKQSdV9GQtj9CBEea9DlzETlVER1gYeXXBGaA==}
    dependencies:
      '@ethersproject/bignumber': 5.7.0
      '@ethersproject/bytes': 5.7.0
      '@ethersproject/keccak256': 5.7.0
      '@ethersproject/logger': 5.7.0
      '@ethersproject/sha2': 5.7.0
      '@ethersproject/strings': 5.7.0
    dev: false

  /@ethersproject/strings@5.7.0:
    resolution: {integrity: sha512-/9nu+lj0YswRNSH0NXYqrh8775XNyEdUQAuf3f+SmOrnVewcJ5SBNAjF7lpgehKi4abvNNXyf+HX86czCdJ8Mg==}
    dependencies:
      '@ethersproject/bytes': 5.7.0
      '@ethersproject/constants': 5.7.0
      '@ethersproject/logger': 5.7.0
    dev: false

  /@ethersproject/transactions@5.7.0:
    resolution: {integrity: sha512-kmcNicCp1lp8qanMTC3RIikGgoJ80ztTyvtsFvCYpSCfkjhD0jZ2LOrnbcuxuToLIUYYf+4XwD1rP+B/erDIhQ==}
    dependencies:
      '@ethersproject/address': 5.7.0
      '@ethersproject/bignumber': 5.7.0
      '@ethersproject/bytes': 5.7.0
      '@ethersproject/constants': 5.7.0
      '@ethersproject/keccak256': 5.7.0
      '@ethersproject/logger': 5.7.0
      '@ethersproject/properties': 5.7.0
      '@ethersproject/rlp': 5.7.0
      '@ethersproject/signing-key': 5.7.0
    dev: false

  /@ethersproject/units@5.7.0:
    resolution: {integrity: sha512-pD3xLMy3SJu9kG5xDGI7+xhTEmGXlEqXU4OfNapmfnxLVY4EMSSRp7j1k7eezutBPH7RBN/7QPnwR7hzNlEFeg==}
    dependencies:
      '@ethersproject/bignumber': 5.7.0
      '@ethersproject/constants': 5.7.0
      '@ethersproject/logger': 5.7.0
    dev: false

  /@ethersproject/wallet@5.7.0:
    resolution: {integrity: sha512-MhmXlJXEJFBFVKrDLB4ZdDzxcBxQ3rLyCkhNqVu3CDYvR97E+8r01UgrI+TI99Le+aYm/in/0vp86guJuM7FCA==}
    dependencies:
      '@ethersproject/abstract-provider': 5.7.0
      '@ethersproject/abstract-signer': 5.7.0
      '@ethersproject/address': 5.7.0
      '@ethersproject/bignumber': 5.7.0
      '@ethersproject/bytes': 5.7.0
      '@ethersproject/hash': 5.7.0
      '@ethersproject/hdnode': 5.7.0
      '@ethersproject/json-wallets': 5.7.0
      '@ethersproject/keccak256': 5.7.0
      '@ethersproject/logger': 5.7.0
      '@ethersproject/properties': 5.7.0
      '@ethersproject/random': 5.7.0
      '@ethersproject/signing-key': 5.7.0
      '@ethersproject/transactions': 5.7.0
      '@ethersproject/wordlists': 5.7.0
    dev: false

  /@ethersproject/web@5.7.1:
    resolution: {integrity: sha512-Gueu8lSvyjBWL4cYsWsjh6MtMwM0+H4HvqFPZfB6dV8ctbP9zFAO73VG1cMWae0FLPCtz0peKPpZY8/ugJJX2w==}
    dependencies:
      '@ethersproject/base64': 5.7.0
      '@ethersproject/bytes': 5.7.0
      '@ethersproject/logger': 5.7.0
      '@ethersproject/properties': 5.7.0
      '@ethersproject/strings': 5.7.0
    dev: false

  /@ethersproject/wordlists@5.7.0:
    resolution: {integrity: sha512-S2TFNJNfHWVHNE6cNDjbVlZ6MgE17MIxMbMg2zv3wn+3XSJGosL1m9ZVv3GXCf/2ymSsQ+hRI5IzoMJTG6aoVA==}
    dependencies:
      '@ethersproject/bytes': 5.7.0
      '@ethersproject/hash': 5.7.0
      '@ethersproject/logger': 5.7.0
      '@ethersproject/properties': 5.7.0
      '@ethersproject/strings': 5.7.0
    dev: false

  /@latticexyz/recs@1.43.0(@latticexyz/utils@1.43.0)(mobx@6.9.0)(rxjs@7.8.1)(type-fest@3.13.0):
    resolution: {integrity: sha512-rWCtFeqeoPYT+hsu1whd47cVSvRtOrBe1tGngqxZdiYnLx1bbj5rW9xXzS1Vg+8PgLeX034yZCoV+RjcaGIRPg==}
    peerDependencies:
      '@latticexyz/utils': ^1.36.1
      mobx: ^6.4.2
      rxjs: ^7.5.5
      type-fest: ^2.14.0
    dependencies:
      '@latticexyz/utils': 1.43.0(ethers@5.7.2)(mobx@6.9.0)(proxy-deep@3.1.1)(rxjs@7.8.1)(typedoc@0.24.8)(web3-utils@1.10.0)
      mobx: 6.9.0
      rxjs: 7.8.1
      type-fest: 3.13.0
    dev: false

  /@latticexyz/utils@1.43.0(ethers@5.7.2)(mobx@6.9.0)(proxy-deep@3.1.1)(rxjs@7.8.1)(typedoc@0.24.8)(web3-utils@1.10.0):
    resolution: {integrity: sha512-8RmAqdg4ASYbOM+fDzIAZDe/1ZEmw1oRsgV18gX8iBjtvNOPImu6nixXE+iZbiOCL3wUifiPJcCThhfo2uKf1w==}
    peerDependencies:
      ethers: ^5.6.6
      mobx: ^6.5.0
      proxy-deep: ^3.1.1
      rxjs: ^7.5.5
      web3-utils: ^1.8.0
    dependencies:
      ethers: 5.7.2
      mobx: 6.9.0
      proxy-deep: 3.1.1
      rxjs: 7.8.1
      typedoc-plugin-markdown: 3.15.3(typedoc@0.24.8)
      web3-utils: 1.10.0
    transitivePeerDependencies:
      - typedoc
    dev: false

  /@noble/curves@1.0.0:
    resolution: {integrity: sha512-2upgEu0iLiDVDZkNLeFV2+ht0BAVgQnEmCk6JsOch9Rp8xfkMCbvbAZlA2pBHQc73dbl+vFOXfqkf4uemdn0bw==}
    dependencies:
      '@noble/hashes': 1.3.0
    dev: false

  /@noble/hashes@1.3.0:
    resolution: {integrity: sha512-ilHEACi9DwqJB0pw7kv+Apvh50jiiSyR/cQ3y4W7lOR5mhvn/50FLUfsnfJz0BDZtl/RR16kXvptiv6q1msYZg==}
    dev: false

  /@noble/hashes@1.3.1:
    resolution: {integrity: sha512-EbqwksQwz9xDRGfDST86whPBgM65E0OH/pCgqW0GBVzO22bNE+NuIbeTb714+IfSjU3aRk47EUvXIb5bTsenKA==}
    engines: {node: '>= 16'}
    dev: false

  /@types/bn.js@5.1.1:
    resolution: {integrity: sha512-qNrYbZqMx0uJAfKnKclPh+dTwK33KfLHYqtyODwd5HnXOjnkhc4qgn3BrK6RWyGZm5+sIFE7Q7Vz6QQtJB7w7g==}
    dependencies:
      '@types/node': 20.4.1
    dev: false

  /@types/node@20.4.1:
    resolution: {integrity: sha512-JIzsAvJeA/5iY6Y/OxZbv1lUcc8dNSE77lb2gnBH+/PJ3lFR1Ccvgwl5JWnHAkNHcRsT0TbpVOsiMKZ1F/yyJg==}
    dev: false

  /@types/pbkdf2@3.1.0:
    resolution: {integrity: sha512-Cf63Rv7jCQ0LaL8tNXmEyqTHuIJxRdlS5vMh1mj5voN4+QFhVZnlZruezqpWYDiJ8UTzhP0VmeLXCmBk66YrMQ==}
    dependencies:
      '@types/node': 20.4.1
    dev: false

  /@types/secp256k1@4.0.3:
    resolution: {integrity: sha512-Da66lEIFeIz9ltsdMZcpQvmrmmoqrfju8pm1BH8WbYjZSwUgCwXLb9C+9XYogwBITnbsSaMdVPb2ekf7TV+03w==}
    dependencies:
      '@types/node': 20.4.1
    dev: false

  /aes-js@3.0.0:
    resolution: {integrity: sha512-H7wUZRn8WpTq9jocdxQ2c8x2sKo9ZVmzfRE13GiNJXfp7NcKYEdvl3vspKjXox6RIG2VtaRe4JFvxG4rqp2Zuw==}
    dev: false

  /ansi-sequence-parser@1.1.0:
    resolution: {integrity: sha512-lEm8mt52to2fT8GhciPCGeCXACSz2UwIN4X2e2LJSnZ5uAbn2/dsYdOmUXq0AtWS5cpAupysIneExOgH0Vd2TQ==}
    dev: false

  /balanced-match@1.0.2:
    resolution: {integrity: sha512-3oSeUO0TMV67hN1AmbXsK4yaqU7tjiHlbxRDZOpH0KW9+CeX4bRAaX0Anxt0tx2MrpRpWwQaPwIlISEJhYU5Pw==}
    dev: false

  /base-x@3.0.9:
    resolution: {integrity: sha512-H7JU6iBHTal1gp56aKoaa//YUxEaAOUiydvrV/pILqIHXTtqxSkATOnDA2u+jZ/61sD+L/412+7kzXRtWukhpQ==}
    dependencies:
      safe-buffer: 5.2.1
    dev: false

  /bech32@1.1.4:
    resolution: {integrity: sha512-s0IrSOzLlbvX7yp4WBfPITzpAU8sqQcpsmwXDiKwrG4r491vwCO/XpejasRNl0piBMe/DvP4Tz0mIS/X1DPJBQ==}
    dev: false

  /blakejs@1.2.1:
    resolution: {integrity: sha512-QXUSXI3QVc/gJME0dBpXrag1kbzOqCjCX8/b54ntNyW6sjtoqxqRk3LTmXzaJoh71zMsDCjM+47jS7XiwN/+fQ==}
    dev: false

  /bn.js@4.11.6:
    resolution: {integrity: sha512-XWwnNNFCuuSQ0m3r3C4LE3EiORltHd9M05pq6FOlVeiophzRbMo50Sbz1ehl8K3Z+jw9+vmgnXefY1hz8X+2wA==}
    dev: false

  /bn.js@4.12.0:
    resolution: {integrity: sha512-c98Bf3tPniI+scsdk237ku1Dc3ujXQTSgyiPUDEOe7tRkhrqridvh8klBv0HCEso1OLOYcHuCv/cS6DNxKH+ZA==}
    dev: false

  /bn.js@5.2.1:
    resolution: {integrity: sha512-eXRvHzWyYPBuB4NBy0cmYQjGitUrtqwbvlzP3G6VFnNRbsZQIxQ10PbKKHt8gZ/HW/D/747aDl+QkDqg3KQLMQ==}
    dev: false

  /bowser@2.11.0:
    resolution: {integrity: sha512-AlcaJBi/pqqJBIQ8U9Mcpc9i8Aqxn88Skv5d+xBX006BY5u8N3mGLHa5Lgppa7L/HfwgwLgZ6NYs+Ag6uUmJRA==}
    dev: false

  /brace-expansion@2.0.1:
    resolution: {integrity: sha512-XnAIvQ8eM+kC6aULx6wuQiwVsnzsi9d3WxzV3FpWTGA19F621kwdbsAcFKXgKUHZWsy+mY6iL1sHTxWEFCytDA==}
    dependencies:
      balanced-match: 1.0.2
    dev: false

  /brorand@1.1.0:
    resolution: {integrity: sha512-cKV8tMCEpQs4hK/ik71d6LrPOnpkpGBR0wzxqr68g2m/LB2GxVYQroAjMJZRVM1Y4BCjCKc3vAamxSzOY2RP+w==}
    dev: false

  /browserify-aes@1.2.0:
    resolution: {integrity: sha512-+7CHXqGuspUn/Sl5aO7Ea0xWGAtETPXNSAjHo48JfLdPWcMng33Xe4znFvQweqc/uzk5zSOI3H52CYnjCfb5hA==}
    dependencies:
      buffer-xor: 1.0.3
      cipher-base: 1.0.4
      create-hash: 1.2.0
      evp_bytestokey: 1.0.3
      inherits: 2.0.4
      safe-buffer: 5.2.1
    dev: false

  /bs58@4.0.1:
    resolution: {integrity: sha512-Ok3Wdf5vOIlBrgCvTq96gBkJw+JUEzdBgyaza5HLtPm7yTHkjRy8+JzNyHF7BHa0bNWOQIp3m5YF0nnFcOIKLw==}
    dependencies:
      base-x: 3.0.9
    dev: false

  /bs58check@2.1.2:
    resolution: {integrity: sha512-0TS1jicxdU09dwJMNZtVAfzPi6Q6QeN0pM1Fkzrjn+XYHvzMKPU3pHVpva+769iNVSfIYWf7LJ6WR+BuuMf8cA==}
    dependencies:
      bs58: 4.0.1
      create-hash: 1.2.0
      safe-buffer: 5.2.1
    dev: false

  /buffer-xor@1.0.3:
    resolution: {integrity: sha512-571s0T7nZWK6vB67HI5dyUF7wXiNcfaPPPTl6zYCNApANjIvYJTg7hlud/+cJpdAhS7dVzqMLmfhfHR3rAcOjQ==}
    dev: false

  /cipher-base@1.0.4:
    resolution: {integrity: sha512-Kkht5ye6ZGmwv40uUDZztayT2ThLQGfnj/T71N/XzeZeo3nf8foyW7zGTsPYkEya3m5f3cAypH+qe7YOrM1U2Q==}
    dependencies:
      inherits: 2.0.4
      safe-buffer: 5.2.1
    dev: false

  /create-hash@1.2.0:
    resolution: {integrity: sha512-z00bCGNHDG8mHAkP7CtT1qVu+bFQUPjYq/4Iv3C3kWjTFV10zIjfSoeqXo9Asws8gwSHDGj/hl2u4OGIjapeCg==}
    dependencies:
      cipher-base: 1.0.4
      inherits: 2.0.4
      md5.js: 1.3.5
      ripemd160: 2.0.2
      sha.js: 2.4.11
    dev: false

  /create-hmac@1.1.7:
    resolution: {integrity: sha512-MJG9liiZ+ogc4TzUwuvbER1JRdgvUFSB5+VR/g5h82fGaIRWMWddtKBHi7/sVhfjQZ6SehlyhvQYrcYkaUIpLg==}
    dependencies:
      cipher-base: 1.0.4
      create-hash: 1.2.0
      inherits: 2.0.4
      ripemd160: 2.0.2
      safe-buffer: 5.2.1
      sha.js: 2.4.11
    dev: false

  /elliptic@6.5.4:
    resolution: {integrity: sha512-iLhC6ULemrljPZb+QutR5TQGB+pdW6KGD5RSegS+8sorOZT+rdQFbsQFJgvN3eRqNALqJer4oQ16YvJHlU8hzQ==}
    dependencies:
      bn.js: 4.12.0
      brorand: 1.1.0
      hash.js: 1.1.7
      hmac-drbg: 1.0.1
      inherits: 2.0.4
      minimalistic-assert: 1.0.1
      minimalistic-crypto-utils: 1.0.1
    dev: false

  /ethereum-bloom-filters@1.0.10:
    resolution: {integrity: sha512-rxJ5OFN3RwjQxDcFP2Z5+Q9ho4eIdEmSc2ht0fCu8Se9nbXjZ7/031uXoUYJ87KHCOdVeiUuwSnoS7hmYAGVHA==}
    dependencies:
      js-sha3: 0.8.0
    dev: false

  /ethereum-cryptography@0.1.3:
    resolution: {integrity: sha512-w8/4x1SGGzc+tO97TASLja6SLd3fRIK2tLVcV2Gx4IB21hE19atll5Cq9o3d0ZmAYC/8aw0ipieTSiekAea4SQ==}
    dependencies:
      '@types/pbkdf2': 3.1.0
      '@types/secp256k1': 4.0.3
      blakejs: 1.2.1
      browserify-aes: 1.2.0
      bs58check: 2.1.2
      create-hash: 1.2.0
      create-hmac: 1.1.7
      hash.js: 1.1.7
      keccak: 3.0.3
      pbkdf2: 3.1.2
      randombytes: 2.1.0
      safe-buffer: 5.2.1
      scrypt-js: 3.0.1
      secp256k1: 4.0.3
      setimmediate: 1.0.5
    dev: false

  /ethereumjs-util@7.1.5:
    resolution: {integrity: sha512-SDl5kKrQAudFBUe5OJM9Ac6WmMyYmXX/6sTmLZ3ffG2eY6ZIGBes3pEDxNN6V72WyOw4CPD5RomKdsa8DAAwLg==}
    engines: {node: '>=10.0.0'}
    dependencies:
      '@types/bn.js': 5.1.1
      bn.js: 5.2.1
      create-hash: 1.2.0
      ethereum-cryptography: 0.1.3
      rlp: 2.2.7
    dev: false

  /ethers@5.7.2:
    resolution: {integrity: sha512-wswUsmWo1aOK8rR7DIKiWSw9DbLWe6x98Jrn8wcTflTVvaXhAMaB5zGAXy0GYQEQp9iO1iSHWVyARQm11zUtyg==}
    dependencies:
      '@ethersproject/abi': 5.7.0
      '@ethersproject/abstract-provider': 5.7.0
      '@ethersproject/abstract-signer': 5.7.0
      '@ethersproject/address': 5.7.0
      '@ethersproject/base64': 5.7.0
      '@ethersproject/basex': 5.7.0
      '@ethersproject/bignumber': 5.7.0
      '@ethersproject/bytes': 5.7.0
      '@ethersproject/constants': 5.7.0
      '@ethersproject/contracts': 5.7.0
      '@ethersproject/hash': 5.7.0
      '@ethersproject/hdnode': 5.7.0
      '@ethersproject/json-wallets': 5.7.0
      '@ethersproject/keccak256': 5.7.0
      '@ethersproject/logger': 5.7.0
      '@ethersproject/networks': 5.7.1
      '@ethersproject/pbkdf2': 5.7.0
      '@ethersproject/properties': 5.7.0
      '@ethersproject/providers': 5.7.2
      '@ethersproject/random': 5.7.0
      '@ethersproject/rlp': 5.7.0
      '@ethersproject/sha2': 5.7.0
      '@ethersproject/signing-key': 5.7.0
      '@ethersproject/solidity': 5.7.0
      '@ethersproject/strings': 5.7.0
      '@ethersproject/transactions': 5.7.0
      '@ethersproject/units': 5.7.0
      '@ethersproject/wallet': 5.7.0
      '@ethersproject/web': 5.7.1
      '@ethersproject/wordlists': 5.7.0
    transitivePeerDependencies:
      - bufferutil
      - utf-8-validate
    dev: false

  /ethjs-unit@0.1.6:
    resolution: {integrity: sha512-/Sn9Y0oKl0uqQuvgFk/zQgR7aw1g36qX/jzSQ5lSwlO0GigPymk4eGQfeNTD03w1dPOqfz8V77Cy43jH56pagw==}
    engines: {node: '>=6.5.0', npm: '>=3'}
    dependencies:
      bn.js: 4.11.6
      number-to-bn: 1.7.0
    dev: false

  /evp_bytestokey@1.0.3:
    resolution: {integrity: sha512-/f2Go4TognH/KvCISP7OUsHn85hT9nUkxxA9BEWxFn+Oj9o8ZNLm/40hdlgSLyuOimsrTKLUMEorQexp/aPQeA==}
    dependencies:
      md5.js: 1.3.5
      safe-buffer: 5.2.1
    dev: false

  /get-starknet-core@2.1.0(starknet@5.14.1):
    resolution: {integrity: sha512-sT9fxIiM3maEqz1cVggiB/jGn+nUCavhhhJRnU/G1zKMmJFYORjRNohEZ1xXgRt6MFVUNPnAzxQrhI1F645VNA==}
    peerDependencies:
      starknet: ^4.9.0
    dependencies:
      starknet: 5.14.1
    dev: false

  /handlebars@4.7.7:
    resolution: {integrity: sha512-aAcXm5OAfE/8IXkcZvCepKU3VzW1/39Fb5ZuqMtgI/hT8X2YgoMvBY5dLhq/cpOvw7Lk1nK/UF71aLG/ZnVYRA==}
    engines: {node: '>=0.4.7'}
    hasBin: true
    dependencies:
      minimist: 1.2.8
      neo-async: 2.6.2
      source-map: 0.6.1
      wordwrap: 1.0.0
    optionalDependencies:
      uglify-js: 3.17.4
    dev: false

  /hash-base@3.1.0:
    resolution: {integrity: sha512-1nmYp/rhMDiE7AYkDw+lLwlAzz0AntGIe51F3RfFfEqyQ3feY2eI/NcwC6umIQVOASPMsWJLJScWKSSvzL9IVA==}
    engines: {node: '>=4'}
    dependencies:
      inherits: 2.0.4
      readable-stream: 3.6.2
      safe-buffer: 5.2.1
    dev: false

  /hash.js@1.1.7:
    resolution: {integrity: sha512-taOaskGt4z4SOANNseOviYDvjEJinIkRgmp7LbKP2YTTmVxWBl87s/uzK9r+44BclBSp2X7K1hqeNfz9JbBeXA==}
    dependencies:
      inherits: 2.0.4
      minimalistic-assert: 1.0.1
    dev: false

  /hmac-drbg@1.0.1:
    resolution: {integrity: sha512-Tti3gMqLdZfhOQY1Mzf/AanLiqh1WTiJgEj26ZuYQ9fbkLomzGchCws4FyrSd4VkpBfiNhaE1On+lOz894jvXg==}
    dependencies:
      hash.js: 1.1.7
      minimalistic-assert: 1.0.1
      minimalistic-crypto-utils: 1.0.1
    dev: false

  /inherits@2.0.4:
    resolution: {integrity: sha512-k/vGaX4/Yla3WzyMCvTQOXYeIHvqOKtnqBduzTHpzpQZzAskKMhZ2K+EnBiSM9zGSoIFeMpXKxa4dYeZIQqewQ==}
    dev: false

  /is-hex-prefixed@1.0.0:
    resolution: {integrity: sha512-WvtOiug1VFrE9v1Cydwm+FnXd3+w9GaeVUss5W4v/SLy3UW00vP+6iNF2SdnfiBoLy4bTqVdkftNGTUeOFVsbA==}
    engines: {node: '>=6.5.0', npm: '>=3'}
    dev: false

  /is-promise@4.0.0:
    resolution: {integrity: sha512-hvpoI6korhJMnej285dSg6nu1+e6uxs7zG3BYAm5byqDsgJNWwxzM6z6iZiAgQR4TJ30JmBTOwqZUw3WlyH3AQ==}
    dev: false

  /isomorphic-fetch@3.0.0:
    resolution: {integrity: sha512-qvUtwJ3j6qwsF3jLxkZ72qCgjMysPzDfeV240JHiGZsANBYd+EEuu35v7dfrJ9Up0Ak07D7GGSkGhCHTqg/5wA==}
    dependencies:
      node-fetch: 2.6.12
      whatwg-fetch: 3.6.2
    transitivePeerDependencies:
      - encoding
    dev: false

  /js-sha3@0.8.0:
    resolution: {integrity: sha512-gF1cRrHhIzNfToc802P800N8PpXS+evLLXfsVpowqmAFR9uwbi89WvXg2QspOmXL8QL86J4T1EpFu+yUkwJY3Q==}
    dev: false

  /jsonc-parser@3.2.0:
    resolution: {integrity: sha512-gfFQZrcTc8CnKXp6Y4/CBT3fTc0OVuDofpre4aEeEpSBPV5X5v4+Vmx+8snU7RLPrNHPKSgLxGo9YuQzz20o+w==}
    dev: false

  /keccak@3.0.3:
    resolution: {integrity: sha512-JZrLIAJWuZxKbCilMpNz5Vj7Vtb4scDG3dMXLOsbzBmQGyjwE61BbW7bJkfKKCShXiQZt3T6sBgALRtmd+nZaQ==}
    engines: {node: '>=10.0.0'}
    requiresBuild: true
    dependencies:
      node-addon-api: 2.0.2
      node-gyp-build: 4.6.0
      readable-stream: 3.6.2
    dev: false

  /lodash-es@4.17.21:
    resolution: {integrity: sha512-mKnC+QJ9pWVzv+C4/U3rRsHapFfHvQFoFB92e52xeyGMcX6/OlIl78je1u8vePzYZSkkogMPJ2yjxxsb89cxyw==}
    dev: false

  /lossless-json@2.0.10:
    resolution: {integrity: sha512-G+jJdEEFJmmbXlXogz/MSOnGpGioclPekWKa42kAI2wFZHQ/UoBq+vZkY2KSxKn5rysYh26UZCyIN3zUHRSLgA==}
    dev: false

  /lunr@2.3.9:
    resolution: {integrity: sha512-zTU3DaZaF3Rt9rhN3uBMGQD3dD2/vFQqnvZCDv4dl5iOzq2IZQqTxu90r4E5J+nP70J3ilqVCrbho2eWaeW8Ow==}
    dev: false

  /marked@4.3.0:
    resolution: {integrity: sha512-PRsaiG84bK+AMvxziE/lCFss8juXjNaWzVbN5tXAm4XjeaS9NAHhop+PjQxz2A9h8Q4M/xGmzP8vqNwy6JeK0A==}
    engines: {node: '>= 12'}
    hasBin: true
    dev: false

  /md5.js@1.3.5:
    resolution: {integrity: sha512-xitP+WxNPcTTOgnTJcrhM0xvdPepipPSf3I8EIpGKeFLjt3PlJLIDG3u8EX53ZIubkb+5U2+3rELYpEhHhzdkg==}
    dependencies:
      hash-base: 3.1.0
      inherits: 2.0.4
      safe-buffer: 5.2.1
    dev: false

  /micro-starknet@0.2.3:
    resolution: {integrity: sha512-6XBcC+GerlwJSR4iA0VaeXtS2wrayWFcA4PEzrJPMuFmWCaUtuGIq5K/DB5F/XgnL54/zl2Bxo690Lj7mYVA8A==}
    dependencies:
      '@noble/curves': 1.0.0
      '@noble/hashes': 1.3.1
    dev: false

  /minimalistic-assert@1.0.1:
    resolution: {integrity: sha512-UtJcAD4yEaGtjPezWuO9wC4nwUnVH/8/Im3yEHQP4b67cXlD/Qr9hdITCU1xDbSEXg2XKNaP8jsReV7vQd00/A==}
    dev: false

  /minimalistic-crypto-utils@1.0.1:
    resolution: {integrity: sha512-JIYlbt6g8i5jKfJ3xz7rF0LXmv2TkDxBLUkiBeZ7bAx4GnnNMr8xFpGnOxn6GhTEHx3SjRrZEoU+j04prX1ktg==}
    dev: false

  /minimatch@9.0.3:
    resolution: {integrity: sha512-RHiac9mvaRw0x3AYRgDC1CxAP7HTcNrrECeA8YYJeWnpo+2Q5CegtZjaotWTWxDG3UeGA1coE05iH1mPjT/2mg==}
    engines: {node: '>=16 || 14 >=14.17'}
    dependencies:
      brace-expansion: 2.0.1
    dev: false

  /minimist@1.2.8:
    resolution: {integrity: sha512-2yyAR8qBkN3YuheJanUpWC5U3bb5osDywNB8RzDVlDwDHbocAJveqqj1u8+SVD7jkWT4yvsHCpWqqWqAxb0zCA==}
    dev: false

  /mobx@6.9.0:
    resolution: {integrity: sha512-HdKewQEREEJgsWnErClfbFoVebze6rGazxFLU/XUyrII8dORfVszN1V0BMRnQSzcgsNNtkX8DHj3nC6cdWE9YQ==}
    dev: false

  /neo-async@2.6.2:
    resolution: {integrity: sha512-Yd3UES5mWCSqR+qNT93S3UoYUkqAZ9lLg8a7g9rimsWmYGK8cVToA4/sF3RrshdyV3sAGMXVUmpMYOw+dLpOuw==}
    dev: false

  /node-addon-api@2.0.2:
    resolution: {integrity: sha512-Ntyt4AIXyaLIuMHF6IOoTakB3K+RWxwtsHNRxllEoA6vPwP9o4866g6YWDLUdnucilZhmkxiHwHr11gAENw+QA==}
    dev: false

  /node-fetch@2.6.12:
    resolution: {integrity: sha512-C/fGU2E8ToujUivIO0H+tpQ6HWo4eEmchoPIoXtxCrVghxdKq+QOHqEZW7tuP3KlV3bC8FRMO5nMCC7Zm1VP6g==}
    engines: {node: 4.x || >=6.0.0}
    peerDependencies:
      encoding: ^0.1.0
    peerDependenciesMeta:
      encoding:
        optional: true
    dependencies:
      whatwg-url: 5.0.0
    dev: false

  /node-gyp-build@4.6.0:
    resolution: {integrity: sha512-NTZVKn9IylLwUzaKjkas1e4u2DLNcV4rdYagA4PWdPwW87Bi7z+BznyKSRwS/761tV/lzCGXplWsiaMjLqP2zQ==}
    hasBin: true
    dev: false

  /number-to-bn@1.7.0:
    resolution: {integrity: sha512-wsJ9gfSz1/s4ZsJN01lyonwuxA1tml6X1yBDnfpMglypcBRFZZkus26EdPSlqS5GJfYddVZa22p3VNb3z5m5Ig==}
    engines: {node: '>=6.5.0', npm: '>=3'}
    dependencies:
      bn.js: 4.11.6
      strip-hex-prefix: 1.0.0
    dev: false

  /pako@2.1.0:
    resolution: {integrity: sha512-w+eufiZ1WuJYgPXbV/PO3NCMEc3xqylkKHzp8bxp1uW4qaSNQUkwmLLEc3kKsfz8lpV1F8Ht3U1Cm+9Srog2ug==}
    dev: false

  /pbkdf2@3.1.2:
    resolution: {integrity: sha512-iuh7L6jA7JEGu2WxDwtQP1ddOpaJNC4KlDEFfdQajSGgGPNi4OyDc2R7QnbY2bR9QjBVGwgvTdNJZoE7RaxUMA==}
    engines: {node: '>=0.12'}
    dependencies:
      create-hash: 1.2.0
      create-hmac: 1.1.7
      ripemd160: 2.0.2
      safe-buffer: 5.2.1
      sha.js: 2.4.11
    dev: false

  /proxy-deep@3.1.1:
    resolution: {integrity: sha512-kppbvLUNJ4IOMZds9/4gz/rtT5OFiesy3XosLsgMKlF3vb6GA5Y3ptyDlzKLcOcUBW+zaY+RiMINTsgE+O6e+Q==}
    dev: false

  /randombytes@2.1.0:
    resolution: {integrity: sha512-vYl3iOX+4CKUWuxGi9Ukhie6fsqXqS9FE2Zaic4tNFD2N2QQaXOMFbuKK4QmDHC0JO6B1Zp41J0LpT0oR68amQ==}
    dependencies:
      safe-buffer: 5.2.1
    dev: false

  /readable-stream@3.6.2:
    resolution: {integrity: sha512-9u/sniCrY3D5WdsERHzHE4G2YCXqoG5FTHUiCC4SIbr6XcLZBY05ya9EKjYek9O5xOAwjGq+1JdGBAS7Q9ScoA==}
    engines: {node: '>= 6'}
    dependencies:
      inherits: 2.0.4
      string_decoder: 1.3.0
      util-deprecate: 1.0.2
    dev: false

  /ripemd160@2.0.2:
    resolution: {integrity: sha512-ii4iagi25WusVoiC4B4lq7pbXfAp3D9v5CwfkY33vffw2+pkDjY1D8GaN7spsxvCSx8dkPqOZCEZyfxcmJG2IA==}
    dependencies:
      hash-base: 3.1.0
      inherits: 2.0.4
    dev: false

  /rlp@2.2.7:
    resolution: {integrity: sha512-d5gdPmgQ0Z+AklL2NVXr/IoSjNZFfTVvQWzL/AM2AOcSzYP2xjlb0AC8YyCLc41MSNf6P6QVtjgPdmVtzb+4lQ==}
    hasBin: true
    dependencies:
      bn.js: 5.2.1
    dev: false

  /rxjs@7.8.1:
    resolution: {integrity: sha512-AA3TVj+0A2iuIoQkWEK/tqFjBq2j+6PO6Y0zJcvzLAFhEFIO3HL0vls9hWLncZbAAbK0mar7oZ4V079I/qPMxg==}
    dependencies:
      tslib: 2.6.0
    dev: false

  /safe-buffer@5.2.1:
    resolution: {integrity: sha512-rp3So07KcdmmKbGvgaNxQSJr7bGVSVk5S9Eq1F+ppbRo70+YeaDxkw5Dd8NPN+GD6bjnYm2VuPuCXmpuYvmCXQ==}
    dev: false

  /scrypt-js@3.0.1:
    resolution: {integrity: sha512-cdwTTnqPu0Hyvf5in5asVdZocVDTNRmR7XEcJuIzMjJeSHybHl7vpB66AzwTaIg6CLSbtjcxc8fqcySfnTkccA==}
    dev: false

  /secp256k1@4.0.3:
    resolution: {integrity: sha512-NLZVf+ROMxwtEj3Xa562qgv2BK5e2WNmXPiOdVIPLgs6lyTzMvBq0aWTYMI5XCP9jZMVKOcqZLw/Wc4vDkuxhA==}
    engines: {node: '>=10.0.0'}
    requiresBuild: true
    dependencies:
      elliptic: 6.5.4
      node-addon-api: 2.0.2
      node-gyp-build: 4.6.0
    dev: false

  /setimmediate@1.0.5:
    resolution: {integrity: sha512-MATJdZp8sLqDl/68LfQmbP8zKPLQNV6BIZoIgrscFDQ+RsvK/BxeDQOgyxKKoh0y/8h3BqVFnCqQ/gd+reiIXA==}
    dev: false

  /sha.js@2.4.11:
    resolution: {integrity: sha512-QMEp5B7cftE7APOjk5Y6xgrbWu+WkLVQwk8JNjZ8nKRciZaByEW6MubieAiToS7+dwvrjGhH8jRXz3MVd0AYqQ==}
    hasBin: true
    dependencies:
      inherits: 2.0.4
      safe-buffer: 5.2.1
    dev: false

  /shiki@0.14.3:
    resolution: {integrity: sha512-U3S/a+b0KS+UkTyMjoNojvTgrBHjgp7L6ovhFVZsXmBGnVdQ4K4U9oK0z63w538S91ATngv1vXigHCSWOwnr+g==}
    dependencies:
      ansi-sequence-parser: 1.1.0
      jsonc-parser: 3.2.0
      vscode-oniguruma: 1.7.0
      vscode-textmate: 8.0.0
    dev: false

  /source-map@0.6.1:
    resolution: {integrity: sha512-UjgapumWlbMhkBgzT7Ykc5YXUT46F0iKu8SGXq0bcwP5dz/h0Plj6enJqjz1Zbq2l5WaqYnrVbwWOWMyF3F47g==}
    engines: {node: '>=0.10.0'}
    dev: false

  /starknet@5.14.1:
    resolution: {integrity: sha512-EtJwQ6RmFsqSLGuMP+PRp4DwNsMYXy63HDnd1plLCdQKl3FMYajqNKf5RbDl03uGU0uE5ctGp+OW3firHuv6IA==}
    dependencies:
      '@noble/curves': 1.0.0
      isomorphic-fetch: 3.0.0
      lossless-json: 2.0.10
      micro-starknet: 0.2.3
      pako: 2.1.0
      url-join: 4.0.1
    transitivePeerDependencies:
      - encoding
    dev: false

  /string_decoder@1.3.0:
    resolution: {integrity: sha512-hkRX8U1WjJFd8LsDJ2yQ/wWWxaopEsABU1XfkM8A+j0+85JAGppt16cr1Whg6KIbb4okU6Mql6BOj+uup/wKeA==}
    dependencies:
      safe-buffer: 5.2.1
    dev: false

  /strip-hex-prefix@1.0.0:
    resolution: {integrity: sha512-q8d4ue7JGEiVcypji1bALTos+0pWtyGlivAWyPuTkHzuTCJqrK9sWxYQZUq6Nq3cuyv3bm734IhHvHtGGURU6A==}
    engines: {node: '>=6.5.0', npm: '>=3'}
    dependencies:
      is-hex-prefixed: 1.0.0
    dev: false

  /svelte-forms@2.3.1:
    resolution: {integrity: sha512-ExX9PM0JgvdOWlHl2ztD7XzLNPOPt9U5hBKV8sUAisMfcYWpPRnyz+6EFmh35BOBGJJmuhTDBGm5/7seLjOTIA==}
    dependencies:
      is-promise: 4.0.0
    dev: false

  /tr46@0.0.3:
    resolution: {integrity: sha512-N3WMsuqV66lT30CrXNbEjx4GEwlow3v6rr4mCcv6prnfwhS01rkgyFdjPNBYd9br7LpXV1+Emh01fHnq2Gdgrw==}
    dev: false

  /tslib@2.6.0:
    resolution: {integrity: sha512-7At1WUettjcSRHXCyYtTselblcHl9PJFFVKiCAy/bY97+BPZXSQ2wbq0P9s8tK2G7dFQfNnlJnPAiArVBVBsfA==}
    dev: false

  /type-fest@3.13.0:
    resolution: {integrity: sha512-Gur3yQGM9qiLNs0KPP7LPgeRbio2QTt4xXouobMCarR0/wyW3F+F/+OWwshg3NG0Adon7uQfSZBpB46NfhoF1A==}
    engines: {node: '>=14.16'}
    dev: false

  /typedoc-plugin-markdown@3.15.3(typedoc@0.24.8):
    resolution: {integrity: sha512-idntFYu3vfaY3eaD+w9DeRd0PmNGqGuNLKihPU9poxFGnATJYGn9dPtEhn2QrTdishFMg7jPXAhos+2T6YCWRQ==}
    peerDependencies:
      typedoc: '>=0.24.0'
    dependencies:
      handlebars: 4.7.7
      typedoc: 0.24.8(typescript@5.1.6)
    dev: false

  /typedoc@0.24.8(typescript@5.1.6):
    resolution: {integrity: sha512-ahJ6Cpcvxwaxfu4KtjA8qZNqS43wYt6JL27wYiIgl1vd38WW/KWX11YuAeZhuz9v+ttrutSsgK+XO1CjL1kA3w==}
    engines: {node: '>= 14.14'}
    hasBin: true
    peerDependencies:
      typescript: 4.6.x || 4.7.x || 4.8.x || 4.9.x || 5.0.x || 5.1.x
    dependencies:
      lunr: 2.3.9
      marked: 4.3.0
      minimatch: 9.0.3
      shiki: 0.14.3
      typescript: 5.1.6
    dev: false

  /typescript@5.1.6:
    resolution: {integrity: sha512-zaWCozRZ6DLEWAWFrVDz1H6FVXzUSfTy5FUMWsQlU8Ym5JP9eO4xkTIROFCQvhQf61z6O/G6ugw3SgAnvvm+HA==}
    engines: {node: '>=14.17'}
    hasBin: true
    dev: false

  /uglify-js@3.17.4:
    resolution: {integrity: sha512-T9q82TJI9e/C1TAxYvfb16xO120tMVFZrGA3f9/P4424DNu6ypK103y0GPFVa17yotwSyZW5iYXgjYHkGrJW/g==}
    engines: {node: '>=0.8.0'}
    hasBin: true
    requiresBuild: true
    dev: false
    optional: true

  /url-join@4.0.1:
    resolution: {integrity: sha512-jk1+QP6ZJqyOiuEI9AEWQfju/nB2Pw466kbA0LEZljHwKeMgd9WrAEgEGxjPDD2+TNbbb37rTyhEfrCXfuKXnA==}
    dev: false

  /utf8@3.0.0:
    resolution: {integrity: sha512-E8VjFIQ/TyQgp+TZfS6l8yp/xWppSAHzidGiRrqe4bK4XP9pTRyKFgGJpO3SN7zdX4DeomTrwaseCHovfpFcqQ==}
    dev: false

  /util-deprecate@1.0.2:
    resolution: {integrity: sha512-EPD5q1uXyFxJpCrLnCc1nHnq3gOa6DZBocAIiI2TaSCA7VCJ1UJDMagCzIkXNsUYfD1daK//LTEQ8xiIbrHtcw==}
    dev: false

  /vscode-oniguruma@1.7.0:
    resolution: {integrity: sha512-L9WMGRfrjOhgHSdOYgCt/yRMsXzLDJSL7BPrOZt73gU0iWO4mpqzqQzOz5srxqTvMBaR0XZTSrVWo4j55Rc6cA==}
    dev: false

  /vscode-textmate@8.0.0:
    resolution: {integrity: sha512-AFbieoL7a5LMqcnOF04ji+rpXadgOXnZsxQr//r83kLPr7biP7am3g9zbaZIaBGwBRWeSvoMD4mgPdX3e4NWBg==}
    dev: false

  /web3-utils@1.10.0:
    resolution: {integrity: sha512-kSaCM0uMcZTNUSmn5vMEhlo02RObGNRRCkdX0V9UTAU0+lrvn0HSaudyCo6CQzuXUsnuY2ERJGCGPfeWmv19Rg==}
    engines: {node: '>=8.0.0'}
    dependencies:
      bn.js: 5.2.1
      ethereum-bloom-filters: 1.0.10
      ethereumjs-util: 7.1.5
      ethjs-unit: 0.1.6
      number-to-bn: 1.7.0
      randombytes: 2.1.0
      utf8: 3.0.0
    dev: false

  /webidl-conversions@3.0.1:
    resolution: {integrity: sha512-2JAn3z8AR6rjK8Sm8orRC0h/bcl/DqL7tRPdGZ4I1CjdF+EaMLmYxBHyXuKL849eucPFhvBoxMsflfOb8kxaeQ==}
    dev: false

  /whatwg-fetch@3.6.2:
    resolution: {integrity: sha512-bJlen0FcuU/0EMLrdbJ7zOnW6ITZLrZMIarMUVmdKtsGvZna8vxKYaexICWPfZ8qwf9fzNq+UEIZrnSaApt6RA==}
    dev: false

  /whatwg-url@5.0.0:
    resolution: {integrity: sha512-saE57nupxk6v3HY35+jzBwYa0rKSy0XR8JSxZPwgLr7ys0IBzhGviA1/TUGJLmSVqs8pb9AnvICXEuOHLprYTw==}
    dependencies:
      tr46: 0.0.3
      webidl-conversions: 3.0.1
    dev: false

  /wordwrap@1.0.0:
    resolution: {integrity: sha512-gvVzJFlPycKc5dZN4yPkP8w7Dc37BtP1yczEneOb4uq34pXZcvrtRTmWV8W+Ume+XCxKgbjM+nevkyFPMybd4Q==}
    dev: false

  /ws@7.4.6:
    resolution: {integrity: sha512-YmhHDO4MzaDLB+M9ym/mDA5z0naX8j7SIlT8f8z+I0VtzsRbekxEutHSme7NPS2qE8StCYQNUnfWdXta/Yu85A==}
    engines: {node: '>=8.3.0'}
    peerDependencies:
      bufferutil: ^4.0.1
      utf-8-validate: ^5.0.2
    peerDependenciesMeta:
      bufferutil:
        optional: true
      utf-8-validate:
        optional: true
    dev: false

  /ws@8.13.0:
    resolution: {integrity: sha512-x9vcZYTrFPC7aSIbj7sRCYo7L/Xb8Iy+pW0ng0wt2vCJv7M9HOMy0UoN3rr+IFC7hb7vXoqS+P9ktyLLLhO+LA==}
    engines: {node: '>=10.0.0'}
    peerDependencies:
      bufferutil: ^4.0.1
      utf-8-validate: '>=5.0.2'
    peerDependenciesMeta:
      bufferutil:
        optional: true
      utf-8-validate:
        optional: true
    dev: false

  /zod@3.21.4:
    resolution: {integrity: sha512-m46AKbrzKVzOzs/DZgVnG5H55N1sv1M8qZU3A8RIKbs3mrACDNeIOeilDymVb2HdmP8uwshOCF4uJ8uM9rCqJw==}
    dev: false
